
Microsoft Visual Studio Solution File, Format Version 12.00
# Visual Studio Version 16
VisualStudioVersion = 16.0.33027.164
MinimumVisualStudioVersion = 10.0.40219.1
Project("{FAE04EC0-301F-11D3-BF4B-00C04F79EFBC}") = "LevelUtils", "LevelUtils.csproj", "{99B28C9D-2776-4173-A30F-7FAEA36722E4}"
EndProject
Global
	GlobalSection(SolutionConfigurationPlatforms) = preSolution
		Debug|Any CPU = Debug|Any CPU
		Release|Any CPU = Release|Any CPU
	EndGlobalSection
	GlobalSection(ProjectConfigurationPlatforms) = postSolution
		{99B28C9D-2776-4173-A30F-7FAEA36722E4}.Debug|Any CPU.ActiveCfg = Debug|Any CPU
		{99B28C9D-2776-4173-A30F-7FAEA36722E4}.Debug|Any CPU.Build.0 = Debug|Any CPU
		{99B28C9D-2776-4173-A30F-7FAEA36722E4}.Release|Any CPU.ActiveCfg = Release|Any CPU
		{99B28C9D-2776-4173-A30F-7FAEA36722E4}.Release|Any CPU.Build.0 = Release|Any CPU
	EndGlobalSection
	GlobalSection(SolutionProperties) = preSolution
		HideSolutionNode = FALSE
	EndGlobalSection
	GlobalSection(ExtensibilityGlobals) = postSolution
		SolutionGuid = {4401562B-9D4F-4964-8161-A471F0187A25}
	EndGlobalSection
EndGlobal
